
Microsoft Visual Studio Solution File, Format Version 12.00
# Visual Studio Version 17
VisualStudioVersion = 17.3.32929.385
MinimumVisualStudioVersion = 10.0.40219.1
Project("{9A19103F-16F7-4668-BE54-9A1E7A4F7556}") = "CarShop", "CarShop\CarShop.csproj", "{6871F213-A876-432D-9BED-CA99D0F03BBF}"
EndProject
Project("{9A19103F-16F7-4668-BE54-9A1E7A4F7556}") = "CarShop.Infrastructure", "CarShop.Infrastructure\CarShop.Infrastructure.csproj", "{E9DD3E7B-9DD1-45DF-B265-365A37688444}"
EndProject
Project("{9A19103F-16F7-4668-BE54-9A1E7A4F7556}") = "CarShop.Core", "CarShop.Core\CarShop.Core.csproj", "{E35273C6-F0B3-41C6-B9C8-23995A381593}"
EndProject
Global
	GlobalSection(SolutionConfigurationPlatforms) = preSolution
		Debug|Any CPU = Debug|Any CPU
		Release|Any CPU = Release|Any CPU
	EndGlobalSection
	GlobalSection(ProjectConfigurationPlatforms) = postSolution
		{6871F213-A876-432D-9BED-CA99D0F03BBF}.Debug|Any CPU.ActiveCfg = Debug|Any CPU
		{6871F213-A876-432D-9BED-CA99D0F03BBF}.Debug|Any CPU.Build.0 = Debug|Any CPU
		{6871F213-A876-432D-9BED-CA99D0F03BBF}.Release|Any CPU.ActiveCfg = Release|Any CPU
		{6871F213-A876-432D-9BED-CA99D0F03BBF}.Release|Any CPU.Build.0 = Release|Any CPU
		{E9DD3E7B-9DD1-45DF-B265-365A37688444}.Debug|Any CPU.ActiveCfg = Debug|Any CPU
		{E9DD3E7B-9DD1-45DF-B265-365A37688444}.Debug|Any CPU.Build.0 = Debug|Any CPU
		{E9DD3E7B-9DD1-45DF-B265-365A37688444}.Release|Any CPU.ActiveCfg = Release|Any CPU
		{E9DD3E7B-9DD1-45DF-B265-365A37688444}.Release|Any CPU.Build.0 = Release|Any CPU
		{E35273C6-F0B3-41C6-B9C8-23995A381593}.Debug|Any CPU.ActiveCfg = Debug|Any CPU
		{E35273C6-F0B3-41C6-B9C8-23995A381593}.Debug|Any CPU.Build.0 = Debug|Any CPU
		{E35273C6-F0B3-41C6-B9C8-23995A381593}.Release|Any CPU.ActiveCfg = Release|Any CPU
		{E35273C6-F0B3-41C6-B9C8-23995A381593}.Release|Any CPU.Build.0 = Release|Any CPU
	EndGlobalSection
	GlobalSection(SolutionProperties) = preSolution
		HideSolutionNode = FALSE
	EndGlobalSection
	GlobalSection(ExtensibilityGlobals) = postSolution
		SolutionGuid = {6A5E2C50-21FA-4EC8-90F4-1AE3657C9981}
	EndGlobalSection
EndGlobal
